
Microsoft Visual Studio Solution File, Format Version 12.00
# Visual Studio Version 17
VisualStudioVersion = 17.0.31903.59
MinimumVisualStudioVersion = 10.0.40219.1
Project("{FAE04EC0-301F-11D3-BF4B-00C04F79EFBC}") = "Demo.API", "Demo.API\Demo.API.csproj", "{022CD1F5-1988-4D28-95E2-FD79AC2CF395}"
EndProject
Global
	GlobalSection(SolutionConfigurationPlatforms) = preSolution
		Debug|Any CPU = Debug|Any CPU
		Release|Any CPU = Release|Any CPU
	EndGlobalSection
	GlobalSection(SolutionProperties) = preSolution
		HideSolutionNode = FALSE
	EndGlobalSection
	GlobalSection(ProjectConfigurationPlatforms) = postSolution
		{022CD1F5-1988-4D28-95E2-FD79AC2CF395}.Debug|Any CPU.ActiveCfg = Debug|Any CPU
		{022CD1F5-1988-4D28-95E2-FD79AC2CF395}.Debug|Any CPU.Build.0 = Debug|Any CPU
		{022CD1F5-1988-4D28-95E2-FD79AC2CF395}.Release|Any CPU.ActiveCfg = Release|Any CPU
		{022CD1F5-1988-4D28-95E2-FD79AC2CF395}.Release|Any CPU.Build.0 = Release|Any CPU
	EndGlobalSection
EndGlobal
